
Microsoft Visual Studio Solution File, Format Version 12.00
# Visual Studio Version 16
VisualStudioVersion = 16.0.31019.35
MinimumVisualStudioVersion = 10.0.40219.1
Project("{FAE04EC0-301F-11D3-BF4B-00C04F79EFBC}") = "21_02_26_01_FirstArrayTestApp", "21_02_26_01_FirstArrayTestApp\21_02_26_01_FirstArrayTestApp.csproj", "{B97E1B87-A29A-4868-9DE3-391D80AD1370}"
EndProject
Project("{FAE04EC0-301F-11D3-BF4B-00C04F79EFBC}") = "21_02_26_02_SystemArrayTest", "21_02_26_02_SystemArrayTest\21_02_26_02_SystemArrayTest.csproj", "{1FB1E849-2116-4E62-B320-C0215296F20F}"
EndProject
Project("{FAE04EC0-301F-11D3-BF4B-00C04F79EFBC}") = "21_02_26_03_TwoDegreeArray", "21_02_26_03_TwoDegreeArray\21_02_26_03_TwoDegreeArray.csproj", "{F8FBA81B-71B0-437E-A910-161AA1FF6F2F}"
EndProject
Global
	GlobalSection(SolutionConfigurationPlatforms) = preSolution
		Debug|Any CPU = Debug|Any CPU
		Release|Any CPU = Release|Any CPU
	EndGlobalSection
	GlobalSection(ProjectConfigurationPlatforms) = postSolution
		{B97E1B87-A29A-4868-9DE3-391D80AD1370}.Debug|Any CPU.ActiveCfg = Debug|Any CPU
		{B97E1B87-A29A-4868-9DE3-391D80AD1370}.Debug|Any CPU.Build.0 = Debug|Any CPU
		{B97E1B87-A29A-4868-9DE3-391D80AD1370}.Release|Any CPU.ActiveCfg = Release|Any CPU
		{B97E1B87-A29A-4868-9DE3-391D80AD1370}.Release|Any CPU.Build.0 = Release|Any CPU
		{1FB1E849-2116-4E62-B320-C0215296F20F}.Debug|Any CPU.ActiveCfg = Debug|Any CPU
		{1FB1E849-2116-4E62-B320-C0215296F20F}.Debug|Any CPU.Build.0 = Debug|Any CPU
		{1FB1E849-2116-4E62-B320-C0215296F20F}.Release|Any CPU.ActiveCfg = Release|Any CPU
		{1FB1E849-2116-4E62-B320-C0215296F20F}.Release|Any CPU.Build.0 = Release|Any CPU
		{F8FBA81B-71B0-437E-A910-161AA1FF6F2F}.Debug|Any CPU.ActiveCfg = Debug|Any CPU
		{F8FBA81B-71B0-437E-A910-161AA1FF6F2F}.Debug|Any CPU.Build.0 = Debug|Any CPU
		{F8FBA81B-71B0-437E-A910-161AA1FF6F2F}.Release|Any CPU.ActiveCfg = Release|Any CPU
		{F8FBA81B-71B0-437E-A910-161AA1FF6F2F}.Release|Any CPU.Build.0 = Release|Any CPU
	EndGlobalSection
	GlobalSection(SolutionProperties) = preSolution
		HideSolutionNode = FALSE
	EndGlobalSection
	GlobalSection(ExtensibilityGlobals) = postSolution
		SolutionGuid = {C60C7CA1-A77E-4DEA-AA27-B91B8EC7591D}
	EndGlobalSection
EndGlobal
