
Microsoft Visual Studio Solution File, Format Version 12.00
# Visual Studio Version 16
VisualStudioVersion = 16.0.31019.35
MinimumVisualStudioVersion = 10.0.40219.1
Project("{FAE04EC0-301F-11D3-BF4B-00C04F79EFBC}") = "21_03_04_AddressBookApp", "21_03_04_AddressBookApp\21_03_04_AddressBookApp.csproj", "{320EC352-05FB-43AD-9EFE-04AE6C038572}"
EndProject
Global
	GlobalSection(SolutionConfigurationPlatforms) = preSolution
		Debug|Any CPU = Debug|Any CPU
		Release|Any CPU = Release|Any CPU
	EndGlobalSection
	GlobalSection(ProjectConfigurationPlatforms) = postSolution
		{320EC352-05FB-43AD-9EFE-04AE6C038572}.Debug|Any CPU.ActiveCfg = Debug|Any CPU
		{320EC352-05FB-43AD-9EFE-04AE6C038572}.Debug|Any CPU.Build.0 = Debug|Any CPU
		{320EC352-05FB-43AD-9EFE-04AE6C038572}.Release|Any CPU.ActiveCfg = Release|Any CPU
		{320EC352-05FB-43AD-9EFE-04AE6C038572}.Release|Any CPU.Build.0 = Release|Any CPU
	EndGlobalSection
	GlobalSection(SolutionProperties) = preSolution
		HideSolutionNode = FALSE
	EndGlobalSection
	GlobalSection(ExtensibilityGlobals) = postSolution
		SolutionGuid = {E4A595CE-79E8-4C2D-89A8-D8CDE02C5A37}
	EndGlobalSection
EndGlobal
