
Microsoft Visual Studio Solution File, Format Version 12.00
# Visual Studio Version 16
VisualStudioVersion = 16.0.31019.35
MinimumVisualStudioVersion = 10.0.40219.1
Project("{FAE04EC0-301F-11D3-BF4B-00C04F79EFBC}") = "21_03_03_01_stringApp", "21_03_03_01_stringApp\21_03_03_01_stringApp.csproj", "{0DB6A7B6-32AF-4AEB-869D-F5037B68CA4C}"
EndProject
Project("{FAE04EC0-301F-11D3-BF4B-00C04F79EFBC}") = "21_03_03_02_stringBuilderApp", "21_03_03_02_stringBuilderApp\21_03_03_02_stringBuilderApp.csproj", "{EDBC0143-9971-4AD2-ADA9-07D2D8E2F3F8}"
EndProject
Project("{FAE04EC0-301F-11D3-BF4B-00C04F79EFBC}") = "21_03_03_03_DirectoryInfoApp", "21_03_03_03_DirectoryInfoApp\21_03_03_03_DirectoryInfoApp.csproj", "{4CB41954-5D61-4EF7-88D5-47B305D6B0F8}"
EndProject
Project("{FAE04EC0-301F-11D3-BF4B-00C04F79EFBC}") = "21_03_03_04_GenDirFileApp", "21_03_03_04_GenDirFileApp\21_03_03_04_GenDirFileApp.csproj", "{C684F97D-FADC-485E-9F15-C0E4858FAFA9}"
EndProject
Project("{FAE04EC0-301F-11D3-BF4B-00C04F79EFBC}") = "21_03_03_05_TextFileApp", "21_03_03_05_TextFileApp\21_03_03_05_TextFileApp.csproj", "{98CB635F-1384-49A9-B972-2D270A7D6850}"
EndProject
Global
	GlobalSection(SolutionConfigurationPlatforms) = preSolution
		Debug|Any CPU = Debug|Any CPU
		Release|Any CPU = Release|Any CPU
	EndGlobalSection
	GlobalSection(ProjectConfigurationPlatforms) = postSolution
		{0DB6A7B6-32AF-4AEB-869D-F5037B68CA4C}.Debug|Any CPU.ActiveCfg = Debug|Any CPU
		{0DB6A7B6-32AF-4AEB-869D-F5037B68CA4C}.Debug|Any CPU.Build.0 = Debug|Any CPU
		{0DB6A7B6-32AF-4AEB-869D-F5037B68CA4C}.Release|Any CPU.ActiveCfg = Release|Any CPU
		{0DB6A7B6-32AF-4AEB-869D-F5037B68CA4C}.Release|Any CPU.Build.0 = Release|Any CPU
		{EDBC0143-9971-4AD2-ADA9-07D2D8E2F3F8}.Debug|Any CPU.ActiveCfg = Debug|Any CPU
		{EDBC0143-9971-4AD2-ADA9-07D2D8E2F3F8}.Debug|Any CPU.Build.0 = Debug|Any CPU
		{EDBC0143-9971-4AD2-ADA9-07D2D8E2F3F8}.Release|Any CPU.ActiveCfg = Release|Any CPU
		{EDBC0143-9971-4AD2-ADA9-07D2D8E2F3F8}.Release|Any CPU.Build.0 = Release|Any CPU
		{4CB41954-5D61-4EF7-88D5-47B305D6B0F8}.Debug|Any CPU.ActiveCfg = Debug|Any CPU
		{4CB41954-5D61-4EF7-88D5-47B305D6B0F8}.Debug|Any CPU.Build.0 = Debug|Any CPU
		{4CB41954-5D61-4EF7-88D5-47B305D6B0F8}.Release|Any CPU.ActiveCfg = Release|Any CPU
		{4CB41954-5D61-4EF7-88D5-47B305D6B0F8}.Release|Any CPU.Build.0 = Release|Any CPU
		{C684F97D-FADC-485E-9F15-C0E4858FAFA9}.Debug|Any CPU.ActiveCfg = Debug|Any CPU
		{C684F97D-FADC-485E-9F15-C0E4858FAFA9}.Debug|Any CPU.Build.0 = Debug|Any CPU
		{C684F97D-FADC-485E-9F15-C0E4858FAFA9}.Release|Any CPU.ActiveCfg = Release|Any CPU
		{C684F97D-FADC-485E-9F15-C0E4858FAFA9}.Release|Any CPU.Build.0 = Release|Any CPU
		{98CB635F-1384-49A9-B972-2D270A7D6850}.Debug|Any CPU.ActiveCfg = Debug|Any CPU
		{98CB635F-1384-49A9-B972-2D270A7D6850}.Debug|Any CPU.Build.0 = Debug|Any CPU
		{98CB635F-1384-49A9-B972-2D270A7D6850}.Release|Any CPU.ActiveCfg = Release|Any CPU
		{98CB635F-1384-49A9-B972-2D270A7D6850}.Release|Any CPU.Build.0 = Release|Any CPU
	EndGlobalSection
	GlobalSection(SolutionProperties) = preSolution
		HideSolutionNode = FALSE
	EndGlobalSection
	GlobalSection(ExtensibilityGlobals) = postSolution
		SolutionGuid = {B159F431-90C9-4160-9FB1-5858E6D800BB}
	EndGlobalSection
EndGlobal
