
Microsoft Visual Studio Solution File, Format Version 12.00
# Visual Studio Version 16
VisualStudioVersion = 16.0.30907.101
MinimumVisualStudioVersion = 10.0.40219.1
Project("{FAE04EC0-301F-11D3-BF4B-00C04F79EFBC}") = "Chap03App", "Chap03App\Chap03App.csproj", "{F6A9326D-F531-450F-8C4D-441E9B95C545}"
EndProject
Global
	GlobalSection(SolutionConfigurationPlatforms) = preSolution
		Debug|Any CPU = Debug|Any CPU
		Release|Any CPU = Release|Any CPU
	EndGlobalSection
	GlobalSection(ProjectConfigurationPlatforms) = postSolution
		{F6A9326D-F531-450F-8C4D-441E9B95C545}.Debug|Any CPU.ActiveCfg = Debug|Any CPU
		{F6A9326D-F531-450F-8C4D-441E9B95C545}.Debug|Any CPU.Build.0 = Debug|Any CPU
		{F6A9326D-F531-450F-8C4D-441E9B95C545}.Release|Any CPU.ActiveCfg = Release|Any CPU
		{F6A9326D-F531-450F-8C4D-441E9B95C545}.Release|Any CPU.Build.0 = Release|Any CPU
	EndGlobalSection
	GlobalSection(SolutionProperties) = preSolution
		HideSolutionNode = FALSE
	EndGlobalSection
	GlobalSection(ExtensibilityGlobals) = postSolution
		SolutionGuid = {D26C8A9E-47C5-4681-BE06-A6DDBA667F27}
	EndGlobalSection
EndGlobal
