
Microsoft Visual Studio Solution File, Format Version 12.00
# Visual Studio Version 16
VisualStudioVersion = 16.0.31019.35
MinimumVisualStudioVersion = 10.0.40219.1
Project("{FAE04EC0-301F-11D3-BF4B-00C04F79EFBC}") = "21_03_05_01_FirstWinForm", "21_03_05_01_FirstWinForm\21_03_05_01_FirstWinForm.csproj", "{64205426-D9F2-438A-B5CD-914FC015786B}"
EndProject
Project("{FAE04EC0-301F-11D3-BF4B-00C04F79EFBC}") = "ConsoleApp1", "ConsoleApp1\ConsoleApp1.csproj", "{14BDDCF8-5F74-4F44-B4EF-E1852F256D87}"
EndProject
Project("{FAE04EC0-301F-11D3-BF4B-00C04F79EFBC}") = "21_03_05_02_MyWindowApp", "21_03_05_02_MyWindowApp\21_03_05_02_MyWindowApp.csproj", "{060CF80B-8C5B-46A4-974B-36142F184E72}"
EndProject
Project("{FAE04EC0-301F-11D3-BF4B-00C04F79EFBC}") = "21_03_05_03_UsingControlsApp", "21_03_05_03_UsingControlsApp\21_03_05_03_UsingControlsApp.csproj", "{5114EBDD-2559-45AE-825F-7FA3FDDD7FEE}"
EndProject
Global
	GlobalSection(SolutionConfigurationPlatforms) = preSolution
		Debug|Any CPU = Debug|Any CPU
		Release|Any CPU = Release|Any CPU
	EndGlobalSection
	GlobalSection(ProjectConfigurationPlatforms) = postSolution
		{64205426-D9F2-438A-B5CD-914FC015786B}.Debug|Any CPU.ActiveCfg = Debug|Any CPU
		{64205426-D9F2-438A-B5CD-914FC015786B}.Debug|Any CPU.Build.0 = Debug|Any CPU
		{64205426-D9F2-438A-B5CD-914FC015786B}.Release|Any CPU.ActiveCfg = Release|Any CPU
		{64205426-D9F2-438A-B5CD-914FC015786B}.Release|Any CPU.Build.0 = Release|Any CPU
		{14BDDCF8-5F74-4F44-B4EF-E1852F256D87}.Debug|Any CPU.ActiveCfg = Debug|Any CPU
		{14BDDCF8-5F74-4F44-B4EF-E1852F256D87}.Debug|Any CPU.Build.0 = Debug|Any CPU
		{14BDDCF8-5F74-4F44-B4EF-E1852F256D87}.Release|Any CPU.ActiveCfg = Release|Any CPU
		{14BDDCF8-5F74-4F44-B4EF-E1852F256D87}.Release|Any CPU.Build.0 = Release|Any CPU
		{060CF80B-8C5B-46A4-974B-36142F184E72}.Debug|Any CPU.ActiveCfg = Debug|Any CPU
		{060CF80B-8C5B-46A4-974B-36142F184E72}.Debug|Any CPU.Build.0 = Debug|Any CPU
		{060CF80B-8C5B-46A4-974B-36142F184E72}.Release|Any CPU.ActiveCfg = Release|Any CPU
		{060CF80B-8C5B-46A4-974B-36142F184E72}.Release|Any CPU.Build.0 = Release|Any CPU
		{5114EBDD-2559-45AE-825F-7FA3FDDD7FEE}.Debug|Any CPU.ActiveCfg = Debug|Any CPU
		{5114EBDD-2559-45AE-825F-7FA3FDDD7FEE}.Debug|Any CPU.Build.0 = Debug|Any CPU
		{5114EBDD-2559-45AE-825F-7FA3FDDD7FEE}.Release|Any CPU.ActiveCfg = Release|Any CPU
		{5114EBDD-2559-45AE-825F-7FA3FDDD7FEE}.Release|Any CPU.Build.0 = Release|Any CPU
	EndGlobalSection
	GlobalSection(SolutionProperties) = preSolution
		HideSolutionNode = FALSE
	EndGlobalSection
	GlobalSection(ExtensibilityGlobals) = postSolution
		SolutionGuid = {6ABB0964-B741-4B58-A753-5F25CF777A25}
	EndGlobalSection
EndGlobal
