
Microsoft Visual Studio Solution File, Format Version 12.00
# Visual Studio Version 16
VisualStudioVersion = 16.0.30907.101
MinimumVisualStudioVersion = 10.0.40219.1
Project("{FAE04EC0-301F-11D3-BF4B-00C04F79EFBC}") = "21_02_24_01_ClassTestApp", "21_02_24_01_ClassTestApp\21_02_24_01_ClassTestApp.csproj", "{7BBD9AC0-86E9-4064-8F83-8516524324DE}"
EndProject
Project("{FAE04EC0-301F-11D3-BF4B-00C04F79EFBC}") = "21_02_24_02_CalcTestApp", "21_02_24_02_CalcTestApp\21_02_24_02_CalcTestApp.csproj", "{AC98E732-DAA9-477D-811B-725C5CA619CD}"
EndProject
Project("{FAE04EC0-301F-11D3-BF4B-00C04F79EFBC}") = "21_02_24_03_StaticTestApp", "21_02_24_03_StaticTestApp\21_02_24_03_StaticTestApp.csproj", "{C9B87677-B942-49C5-8498-18D12B346F63}"
EndProject
Project("{FAE04EC0-301F-11D3-BF4B-00C04F79EFBC}") = "21_02_24_04_AccessModifierTestApp", "21_02_24_04_AccessModifierTestApp\21_02_24_04_AccessModifierTestApp.csproj", "{B620836E-DA9A-450C-9A84-5238BEB382A6}"
EndProject
Project("{FAE04EC0-301F-11D3-BF4B-00C04F79EFBC}") = "21_02_25_01_InheritTestApp", "21_02_25_01_InheritTestApp\21_02_25_01_InheritTestApp.csproj", "{DF2DE876-6CB9-4D28-BE49-9F0C25D97A95}"
EndProject
Project("{FAE04EC0-301F-11D3-BF4B-00C04F79EFBC}") = "21_02_25_02_ClassTypeCastApp", "21_02_25_02_ClassTypeCastApp\21_02_25_02_ClassTypeCastApp.csproj", "{56376474-4960-460C-92E7-9A08EFBE20E4}"
EndProject
Project("{FAE04EC0-301F-11D3-BF4B-00C04F79EFBC}") = "21_02_25_03_OverrideTestApp", "21_02_25_03_OverrideTestApp\21_02_25_03_OverrideTestApp.csproj", "{2FFD9050-306B-4A05-8C46-E86AF4161363}"
EndProject
Project("{FAE04EC0-301F-11D3-BF4B-00C04F79EFBC}") = "21_02_25_04_PartialClassApp", "21_02_25_04_PartialClassApp\21_02_25_04_PartialClassApp.csproj", "{3D231333-35E9-4636-8DDD-718A24DE42EE}"
EndProject
Global
	GlobalSection(SolutionConfigurationPlatforms) = preSolution
		Debug|Any CPU = Debug|Any CPU
		Release|Any CPU = Release|Any CPU
	EndGlobalSection
	GlobalSection(ProjectConfigurationPlatforms) = postSolution
		{7BBD9AC0-86E9-4064-8F83-8516524324DE}.Debug|Any CPU.ActiveCfg = Debug|Any CPU
		{7BBD9AC0-86E9-4064-8F83-8516524324DE}.Debug|Any CPU.Build.0 = Debug|Any CPU
		{7BBD9AC0-86E9-4064-8F83-8516524324DE}.Release|Any CPU.ActiveCfg = Release|Any CPU
		{7BBD9AC0-86E9-4064-8F83-8516524324DE}.Release|Any CPU.Build.0 = Release|Any CPU
		{AC98E732-DAA9-477D-811B-725C5CA619CD}.Debug|Any CPU.ActiveCfg = Debug|Any CPU
		{AC98E732-DAA9-477D-811B-725C5CA619CD}.Debug|Any CPU.Build.0 = Debug|Any CPU
		{AC98E732-DAA9-477D-811B-725C5CA619CD}.Release|Any CPU.ActiveCfg = Release|Any CPU
		{AC98E732-DAA9-477D-811B-725C5CA619CD}.Release|Any CPU.Build.0 = Release|Any CPU
		{C9B87677-B942-49C5-8498-18D12B346F63}.Debug|Any CPU.ActiveCfg = Debug|Any CPU
		{C9B87677-B942-49C5-8498-18D12B346F63}.Debug|Any CPU.Build.0 = Debug|Any CPU
		{C9B87677-B942-49C5-8498-18D12B346F63}.Release|Any CPU.ActiveCfg = Release|Any CPU
		{C9B87677-B942-49C5-8498-18D12B346F63}.Release|Any CPU.Build.0 = Release|Any CPU
		{B620836E-DA9A-450C-9A84-5238BEB382A6}.Debug|Any CPU.ActiveCfg = Debug|Any CPU
		{B620836E-DA9A-450C-9A84-5238BEB382A6}.Debug|Any CPU.Build.0 = Debug|Any CPU
		{B620836E-DA9A-450C-9A84-5238BEB382A6}.Release|Any CPU.ActiveCfg = Release|Any CPU
		{B620836E-DA9A-450C-9A84-5238BEB382A6}.Release|Any CPU.Build.0 = Release|Any CPU
		{DF2DE876-6CB9-4D28-BE49-9F0C25D97A95}.Debug|Any CPU.ActiveCfg = Debug|Any CPU
		{DF2DE876-6CB9-4D28-BE49-9F0C25D97A95}.Debug|Any CPU.Build.0 = Debug|Any CPU
		{DF2DE876-6CB9-4D28-BE49-9F0C25D97A95}.Release|Any CPU.ActiveCfg = Release|Any CPU
		{DF2DE876-6CB9-4D28-BE49-9F0C25D97A95}.Release|Any CPU.Build.0 = Release|Any CPU
		{56376474-4960-460C-92E7-9A08EFBE20E4}.Debug|Any CPU.ActiveCfg = Debug|Any CPU
		{56376474-4960-460C-92E7-9A08EFBE20E4}.Debug|Any CPU.Build.0 = Debug|Any CPU
		{56376474-4960-460C-92E7-9A08EFBE20E4}.Release|Any CPU.ActiveCfg = Release|Any CPU
		{56376474-4960-460C-92E7-9A08EFBE20E4}.Release|Any CPU.Build.0 = Release|Any CPU
		{2FFD9050-306B-4A05-8C46-E86AF4161363}.Debug|Any CPU.ActiveCfg = Debug|Any CPU
		{2FFD9050-306B-4A05-8C46-E86AF4161363}.Debug|Any CPU.Build.0 = Debug|Any CPU
		{2FFD9050-306B-4A05-8C46-E86AF4161363}.Release|Any CPU.ActiveCfg = Release|Any CPU
		{2FFD9050-306B-4A05-8C46-E86AF4161363}.Release|Any CPU.Build.0 = Release|Any CPU
		{3D231333-35E9-4636-8DDD-718A24DE42EE}.Debug|Any CPU.ActiveCfg = Debug|Any CPU
		{3D231333-35E9-4636-8DDD-718A24DE42EE}.Debug|Any CPU.Build.0 = Debug|Any CPU
		{3D231333-35E9-4636-8DDD-718A24DE42EE}.Release|Any CPU.ActiveCfg = Release|Any CPU
		{3D231333-35E9-4636-8DDD-718A24DE42EE}.Release|Any CPU.Build.0 = Release|Any CPU
	EndGlobalSection
	GlobalSection(SolutionProperties) = preSolution
		HideSolutionNode = FALSE
	EndGlobalSection
	GlobalSection(ExtensibilityGlobals) = postSolution
		SolutionGuid = {B54693BC-AA60-4A4E-8A8D-615B8F070C64}
	EndGlobalSection
EndGlobal
