
Microsoft Visual Studio Solution File, Format Version 12.00
# Visual Studio Version 16
VisualStudioVersion = 16.0.30907.101
MinimumVisualStudioVersion = 10.0.40219.1
Project("{FAE04EC0-301F-11D3-BF4B-00C04F79EFBC}") = "Chap04App", "Chap04App\Chap04App.csproj", "{CC8C59A1-77B0-4BB2-976C-E08122E642E1}"
EndProject
Project("{FAE04EC0-301F-11D3-BF4B-00C04F79EFBC}") = "IncDecTestApp", "IncDecTestApp\IncDecTestApp.csproj", "{515F33D3-AAC4-4405-A092-2C40626D2652}"
EndProject
Global
	GlobalSection(SolutionConfigurationPlatforms) = preSolution
		Debug|Any CPU = Debug|Any CPU
		Release|Any CPU = Release|Any CPU
	EndGlobalSection
	GlobalSection(ProjectConfigurationPlatforms) = postSolution
		{CC8C59A1-77B0-4BB2-976C-E08122E642E1}.Debug|Any CPU.ActiveCfg = Debug|Any CPU
		{CC8C59A1-77B0-4BB2-976C-E08122E642E1}.Debug|Any CPU.Build.0 = Debug|Any CPU
		{CC8C59A1-77B0-4BB2-976C-E08122E642E1}.Release|Any CPU.ActiveCfg = Release|Any CPU
		{CC8C59A1-77B0-4BB2-976C-E08122E642E1}.Release|Any CPU.Build.0 = Release|Any CPU
		{515F33D3-AAC4-4405-A092-2C40626D2652}.Debug|Any CPU.ActiveCfg = Debug|Any CPU
		{515F33D3-AAC4-4405-A092-2C40626D2652}.Debug|Any CPU.Build.0 = Debug|Any CPU
		{515F33D3-AAC4-4405-A092-2C40626D2652}.Release|Any CPU.ActiveCfg = Release|Any CPU
		{515F33D3-AAC4-4405-A092-2C40626D2652}.Release|Any CPU.Build.0 = Release|Any CPU
	EndGlobalSection
	GlobalSection(SolutionProperties) = preSolution
		HideSolutionNode = FALSE
	EndGlobalSection
	GlobalSection(ExtensibilityGlobals) = postSolution
		SolutionGuid = {49601512-1788-4C1C-9D59-BB4377612ED1}
	EndGlobalSection
EndGlobal
