
Microsoft Visual Studio Solution File, Format Version 12.00
# Visual Studio Version 16
VisualStudioVersion = 16.0.30907.101
MinimumVisualStudioVersion = 10.0.40219.1
Project("{FAE04EC0-301F-11D3-BF4B-00C04F79EFBC}") = "21_02_23_01_CalculApp", "21_02_23_01_CalculApp\21_02_23_01_CalculApp.csproj", "{81EFE510-6CD4-4755-97C0-DD94C5D26F3F}"
EndProject
Project("{FAE04EC0-301F-11D3-BF4B-00C04F79EFBC}") = "21_02_23_02_ProfileTestApp", "21_02_23_02_ProfileTestApp\21_02_23_02_ProfileTestApp.csproj", "{59BC2CA9-CE63-4DAE-8845-D1D7A5620D1C}"
EndProject
Project("{FAE04EC0-301F-11D3-BF4B-00C04F79EFBC}") = "21_02_23_03_SortingTestApp", "21_02_23_03_SortingTestApp\21_02_23_03_SortingTestApp.csproj", "{A393790D-0B0D-4A55-8F4C-8F00BCBA405B}"
EndProject
Project("{FAE04EC0-301F-11D3-BF4B-00C04F79EFBC}") = "21_02_23_04_RefOutTestApp", "21_02_23_04_RefOutTestApp\21_02_23_04_RefOutTestApp.csproj", "{F425158C-6921-448B-9664-35C5A1081EAA}"
EndProject
Global
	GlobalSection(SolutionConfigurationPlatforms) = preSolution
		Debug|Any CPU = Debug|Any CPU
		Release|Any CPU = Release|Any CPU
	EndGlobalSection
	GlobalSection(ProjectConfigurationPlatforms) = postSolution
		{81EFE510-6CD4-4755-97C0-DD94C5D26F3F}.Debug|Any CPU.ActiveCfg = Debug|Any CPU
		{81EFE510-6CD4-4755-97C0-DD94C5D26F3F}.Debug|Any CPU.Build.0 = Debug|Any CPU
		{81EFE510-6CD4-4755-97C0-DD94C5D26F3F}.Release|Any CPU.ActiveCfg = Release|Any CPU
		{81EFE510-6CD4-4755-97C0-DD94C5D26F3F}.Release|Any CPU.Build.0 = Release|Any CPU
		{59BC2CA9-CE63-4DAE-8845-D1D7A5620D1C}.Debug|Any CPU.ActiveCfg = Debug|Any CPU
		{59BC2CA9-CE63-4DAE-8845-D1D7A5620D1C}.Debug|Any CPU.Build.0 = Debug|Any CPU
		{59BC2CA9-CE63-4DAE-8845-D1D7A5620D1C}.Release|Any CPU.ActiveCfg = Release|Any CPU
		{59BC2CA9-CE63-4DAE-8845-D1D7A5620D1C}.Release|Any CPU.Build.0 = Release|Any CPU
		{A393790D-0B0D-4A55-8F4C-8F00BCBA405B}.Debug|Any CPU.ActiveCfg = Debug|Any CPU
		{A393790D-0B0D-4A55-8F4C-8F00BCBA405B}.Debug|Any CPU.Build.0 = Debug|Any CPU
		{A393790D-0B0D-4A55-8F4C-8F00BCBA405B}.Release|Any CPU.ActiveCfg = Release|Any CPU
		{A393790D-0B0D-4A55-8F4C-8F00BCBA405B}.Release|Any CPU.Build.0 = Release|Any CPU
		{F425158C-6921-448B-9664-35C5A1081EAA}.Debug|Any CPU.ActiveCfg = Debug|Any CPU
		{F425158C-6921-448B-9664-35C5A1081EAA}.Debug|Any CPU.Build.0 = Debug|Any CPU
		{F425158C-6921-448B-9664-35C5A1081EAA}.Release|Any CPU.ActiveCfg = Release|Any CPU
		{F425158C-6921-448B-9664-35C5A1081EAA}.Release|Any CPU.Build.0 = Release|Any CPU
	EndGlobalSection
	GlobalSection(SolutionProperties) = preSolution
		HideSolutionNode = FALSE
	EndGlobalSection
	GlobalSection(ExtensibilityGlobals) = postSolution
		SolutionGuid = {D990363C-A661-472E-B851-02D2B973ADBC}
	EndGlobalSection
EndGlobal
