
Microsoft Visual Studio Solution File, Format Version 12.00
# Visual Studio Version 16
VisualStudioVersion = 16.0.31019.35
MinimumVisualStudioVersion = 10.0.40219.1
Project("{FAE04EC0-301F-11D3-BF4B-00C04F79EFBC}") = "21_03_02_01_FirstexceptionApp", "21_03_02_01_FirstexceptionApp\21_03_02_01_FirstexceptionApp.csproj", "{8E0FC791-74FC-4D52-9594-C6A330CB1F1B}"
EndProject
Project("{FAE04EC0-301F-11D3-BF4B-00C04F79EFBC}") = "21_03_02_02_TryCatchApp", "21_03_02_02_TryCatchApp\21_03_02_02_TryCatchApp.csproj", "{DB496F13-3424-4D9F-99F3-2538AE2104FB}"
EndProject
Project("{FAE04EC0-301F-11D3-BF4B-00C04F79EFBC}") = "21_03_02_03_ExceptionThrowApp", "21_03_02_03_ExceptionThrowApp\21_03_02_03_ExceptionThrowApp.csproj", "{2EB8DA43-B1E4-4E9C-B2EC-B9FBC7FF8F89}"
EndProject
Project("{FAE04EC0-301F-11D3-BF4B-00C04F79EFBC}") = "21_03_02_04_TryCatchFinallyApp", "21_03_02_04_TryCatchFinallyApp\21_03_02_04_TryCatchFinallyApp.csproj", "{300B0AAE-30A4-4157-A354-FFFD9A2A6206}"
EndProject
Global
	GlobalSection(SolutionConfigurationPlatforms) = preSolution
		Debug|Any CPU = Debug|Any CPU
		Release|Any CPU = Release|Any CPU
	EndGlobalSection
	GlobalSection(ProjectConfigurationPlatforms) = postSolution
		{8E0FC791-74FC-4D52-9594-C6A330CB1F1B}.Debug|Any CPU.ActiveCfg = Debug|Any CPU
		{8E0FC791-74FC-4D52-9594-C6A330CB1F1B}.Debug|Any CPU.Build.0 = Debug|Any CPU
		{8E0FC791-74FC-4D52-9594-C6A330CB1F1B}.Release|Any CPU.ActiveCfg = Release|Any CPU
		{8E0FC791-74FC-4D52-9594-C6A330CB1F1B}.Release|Any CPU.Build.0 = Release|Any CPU
		{DB496F13-3424-4D9F-99F3-2538AE2104FB}.Debug|Any CPU.ActiveCfg = Debug|Any CPU
		{DB496F13-3424-4D9F-99F3-2538AE2104FB}.Debug|Any CPU.Build.0 = Debug|Any CPU
		{DB496F13-3424-4D9F-99F3-2538AE2104FB}.Release|Any CPU.ActiveCfg = Release|Any CPU
		{DB496F13-3424-4D9F-99F3-2538AE2104FB}.Release|Any CPU.Build.0 = Release|Any CPU
		{2EB8DA43-B1E4-4E9C-B2EC-B9FBC7FF8F89}.Debug|Any CPU.ActiveCfg = Debug|Any CPU
		{2EB8DA43-B1E4-4E9C-B2EC-B9FBC7FF8F89}.Debug|Any CPU.Build.0 = Debug|Any CPU
		{2EB8DA43-B1E4-4E9C-B2EC-B9FBC7FF8F89}.Release|Any CPU.ActiveCfg = Release|Any CPU
		{2EB8DA43-B1E4-4E9C-B2EC-B9FBC7FF8F89}.Release|Any CPU.Build.0 = Release|Any CPU
		{300B0AAE-30A4-4157-A354-FFFD9A2A6206}.Debug|Any CPU.ActiveCfg = Debug|Any CPU
		{300B0AAE-30A4-4157-A354-FFFD9A2A6206}.Debug|Any CPU.Build.0 = Debug|Any CPU
		{300B0AAE-30A4-4157-A354-FFFD9A2A6206}.Release|Any CPU.ActiveCfg = Release|Any CPU
		{300B0AAE-30A4-4157-A354-FFFD9A2A6206}.Release|Any CPU.Build.0 = Release|Any CPU
	EndGlobalSection
	GlobalSection(SolutionProperties) = preSolution
		HideSolutionNode = FALSE
	EndGlobalSection
	GlobalSection(ExtensibilityGlobals) = postSolution
		SolutionGuid = {786CC1DC-1CDA-423C-9175-CFEDEEC9A22D}
	EndGlobalSection
EndGlobal
